
Microsoft Visual Studio Solution File, Format Version 12.00
Project("{FAE04EC0-301F-11D3-BF4B-00C04F79EFBC}") = "DelegatesActionFunc", "DelegatesActionFunc\DelegatesActionFunc.csproj", "{38C1FF03-ED2D-4747-B35B-770882815716}"
EndProject
Project("{FAE04EC0-301F-11D3-BF4B-00C04F79EFBC}") = "MultiDelegates", "MultiDelegates\MultiDelegates.csproj", "{C61686AD-7844-4D03-AAAB-64634BFDD086}"
EndProject
Project("{FAE04EC0-301F-11D3-BF4B-00C04F79EFBC}") = "DelegateExample", "DelegateExample\DelegateExample.csproj", "{81E1E8B6-2E6F-4A93-86EE-807F671EAC2F}"
EndProject
Project("{FAE04EC0-301F-11D3-BF4B-00C04F79EFBC}") = "ActionExample", "ActionExample\ActionExample.csproj", "{048BE134-11E2-4490-98B0-CEED0E177F6C}"
EndProject
Project("{FAE04EC0-301F-11D3-BF4B-00C04F79EFBC}") = "FuncExample", "FuncExample\FuncExample.csproj", "{E131046F-6B23-41D0-BF44-BE3A73454089}"
EndProject
Project("{FAE04EC0-301F-11D3-BF4B-00C04F79EFBC}") = "FullActionExample", "FullActionExample\FullActionExample.csproj", "{7A2CCC8D-D412-47E1-8B6A-7A08E16C6034}"
EndProject
Global
	GlobalSection(SolutionConfigurationPlatforms) = preSolution
		Debug|Any CPU = Debug|Any CPU
		Release|Any CPU = Release|Any CPU
	EndGlobalSection
	GlobalSection(ProjectConfigurationPlatforms) = postSolution
		{38C1FF03-ED2D-4747-B35B-770882815716}.Debug|Any CPU.ActiveCfg = Debug|Any CPU
		{38C1FF03-ED2D-4747-B35B-770882815716}.Debug|Any CPU.Build.0 = Debug|Any CPU
		{38C1FF03-ED2D-4747-B35B-770882815716}.Release|Any CPU.ActiveCfg = Release|Any CPU
		{38C1FF03-ED2D-4747-B35B-770882815716}.Release|Any CPU.Build.0 = Release|Any CPU
		{C61686AD-7844-4D03-AAAB-64634BFDD086}.Debug|Any CPU.ActiveCfg = Debug|Any CPU
		{C61686AD-7844-4D03-AAAB-64634BFDD086}.Debug|Any CPU.Build.0 = Debug|Any CPU
		{C61686AD-7844-4D03-AAAB-64634BFDD086}.Release|Any CPU.ActiveCfg = Release|Any CPU
		{C61686AD-7844-4D03-AAAB-64634BFDD086}.Release|Any CPU.Build.0 = Release|Any CPU
		{81E1E8B6-2E6F-4A93-86EE-807F671EAC2F}.Debug|Any CPU.ActiveCfg = Debug|Any CPU
		{81E1E8B6-2E6F-4A93-86EE-807F671EAC2F}.Debug|Any CPU.Build.0 = Debug|Any CPU
		{81E1E8B6-2E6F-4A93-86EE-807F671EAC2F}.Release|Any CPU.ActiveCfg = Release|Any CPU
		{81E1E8B6-2E6F-4A93-86EE-807F671EAC2F}.Release|Any CPU.Build.0 = Release|Any CPU
		{048BE134-11E2-4490-98B0-CEED0E177F6C}.Debug|Any CPU.ActiveCfg = Debug|Any CPU
		{048BE134-11E2-4490-98B0-CEED0E177F6C}.Debug|Any CPU.Build.0 = Debug|Any CPU
		{048BE134-11E2-4490-98B0-CEED0E177F6C}.Release|Any CPU.ActiveCfg = Release|Any CPU
		{048BE134-11E2-4490-98B0-CEED0E177F6C}.Release|Any CPU.Build.0 = Release|Any CPU
		{E131046F-6B23-41D0-BF44-BE3A73454089}.Debug|Any CPU.ActiveCfg = Debug|Any CPU
		{E131046F-6B23-41D0-BF44-BE3A73454089}.Debug|Any CPU.Build.0 = Debug|Any CPU
		{E131046F-6B23-41D0-BF44-BE3A73454089}.Release|Any CPU.ActiveCfg = Release|Any CPU
		{E131046F-6B23-41D0-BF44-BE3A73454089}.Release|Any CPU.Build.0 = Release|Any CPU
		{7A2CCC8D-D412-47E1-8B6A-7A08E16C6034}.Debug|Any CPU.ActiveCfg = Debug|Any CPU
		{7A2CCC8D-D412-47E1-8B6A-7A08E16C6034}.Debug|Any CPU.Build.0 = Debug|Any CPU
		{7A2CCC8D-D412-47E1-8B6A-7A08E16C6034}.Release|Any CPU.ActiveCfg = Release|Any CPU
		{7A2CCC8D-D412-47E1-8B6A-7A08E16C6034}.Release|Any CPU.Build.0 = Release|Any CPU
	EndGlobalSection
EndGlobal
